{
	"name": "shopro-plus",
	"version": "1.0.0",
	"lockfileVersion": 1,
	"requires": true,
	"dependencies": {
		"@babel/runtime": {
			"version": "7.14.6",
			"resolved": "https://registry.nlark.com/@babel/runtime/download/@babel/runtime-7.14.6.tgz",
			"integrity": "sha1-U1IDvAiS78fexgvcJ7Ls9uQJBi0=",
			"requires": {
				"regenerator-runtime": "^0.13.4"
			}
		},
		"@popperjs/core": {
			"version": "2.9.2",
			"resolved": "https://registry.npm.taobao.org/@popperjs/core/download/@popperjs/core-2.9.2.tgz?cache=0&sync_timestamp=1617291042068&other_urls=https%3A%2F%2Fregistry.npm.taobao.org%2F%40popperjs%2Fcore%2Fdownload%2F%40popperjs%2Fcore-2.9.2.tgz",
			"integrity": "sha1-rep7aVPLs0ZRdmsFSEaOdDxqI1M="
		},
		"@vant/icons": {
			"version": "1.6.0",
			"resolved": "https://registry.nlark.com/@vant/icons/download/@vant/icons-1.6.0.tgz?cache=0&sync_timestamp=1621321922501&other_urls=https%3A%2F%2Fregistry.nlark.com%2F%40vant%2Ficons%2Fdownload%2F%40vant%2Ficons-1.6.0.tgz",
			"integrity": "sha1-Pbfrf5Y/UaKghnZyDVr5xMNRL+s="
		},
		"@vant/popperjs": {
			"version": "1.1.0",
			"resolved": "https://registry.npm.taobao.org/@vant/popperjs/download/@vant/popperjs-1.1.0.tgz?cache=0&sync_timestamp=1617714772966&other_urls=https%3A%2F%2Fregistry.npm.taobao.org%2F%40vant%2Fpopperjs%2Fdownload%2F%40vant%2Fpopperjs-1.1.0.tgz",
			"integrity": "sha1-tO3uW7+m+xhwWYbjE9T9XxeUKg8=",
			"requires": {
				"@popperjs/core": "^2.9.2"
			}
		},
		"@vue/babel-helper-vue-jsx-merge-props": {
			"version": "1.2.1",
			"resolved": "https://registry.nlark.com/@vue/babel-helper-vue-jsx-merge-props/download/@vue/babel-helper-vue-jsx-merge-props-1.2.1.tgz",
			"integrity": "sha1-MWJKelBfsU2h1YAjclpMXycOaoE="
		},
		"copy-text-to-clipboard": {
			"version": "3.0.1",
			"resolved": "https://registry.npm.taobao.org/copy-text-to-clipboard/download/copy-text-to-clipboard-3.0.1.tgz",
			"integrity": "sha1-jL+PkOCkfxLkokdDc2Jl0Ve85pw="
		},
		"core-js": {
			"version": "3.15.1",
			"resolved": "https://registry.nlark.com/core-js/download/core-js-3.15.1.tgz?cache=0&sync_timestamp=1624386856586&other_urls=https%3A%2F%2Fregistry.nlark.com%2Fcore-js%2Fdownload%2Fcore-js-3.15.1.tgz",
			"integrity": "sha1-bAiriKvfVlRQRcz1/YH0f0B+fxo="
		},
		"jweixin-module": {
			"version": "1.6.0",
			"resolved": "https://registry.npm.taobao.org/jweixin-module/download/jweixin-module-1.6.0.tgz",
			"integrity": "sha1-Sn6mFAg+PJw/SeL9wruILPpY380="
		},
		"mutation-observer": {
			"version": "1.0.3",
			"resolved": "https://registry.npm.taobao.org/mutation-observer/download/mutation-observer-1.0.3.tgz",
			"integrity": "sha1-QukiKxAbyoLlup1aes9KFMDyY9A="
		},
		"regenerator-runtime": {
			"version": "0.13.7",
			"resolved": "https://registry.nlark.com/regenerator-runtime/download/regenerator-runtime-0.13.7.tgz",
			"integrity": "sha1-ysLazIoepnX+qrrriugziYrkb1U="
		},
		"uni-read-pages": {
			"version": "1.0.5",
			"resolved": "https://registry.nlark.com/uni-read-pages/download/uni-read-pages-1.0.5.tgz",
			"integrity": "sha1-RSyNyqiXe7rvYAkJvpJsjZcEOHw="
		},
		"vant": {
			"version": "2.12.23",
			"resolved": "https://registry.nlark.com/vant/download/vant-2.12.23.tgz?cache=0&sync_timestamp=1625536908711&other_urls=https%3A%2F%2Fregistry.nlark.com%2Fvant%2Fdownload%2Fvant-2.12.23.tgz",
			"integrity": "sha1-O3QoJoo1E3rttTUkBVakHOmDsOg=",
			"requires": {
				"@babel/runtime": "7.x",
				"@vant/icons": "^1.5.3",
				"@vant/popperjs": "^1.0.0",
				"@vue/babel-helper-vue-jsx-merge-props": "^1.0.0",
				"vue-lazyload": "1.2.3"
			}
		},
		"vconsole": {
			"version": "3.7.0",
			"resolved": "https://registry.nlark.com/vconsole/download/vconsole-3.7.0.tgz?cache=0&sync_timestamp=1622107564480&other_urls=https%3A%2F%2Fregistry.nlark.com%2Fvconsole%2Fdownload%2Fvconsole-3.7.0.tgz",
			"integrity": "sha1-ezR/xjXrCWRrtQ8M4Mv7oYUq8bE=",
			"requires": {
				"copy-text-to-clipboard": "^3.0.1",
				"core-js": "^3.11.0",
				"mutation-observer": "^1.0.3"
			}
		},
		"vue-lazyload": {
			"version": "1.2.3",
			"resolved": "https://registry.npm.taobao.org/vue-lazyload/download/vue-lazyload-1.2.3.tgz",
			"integrity": "sha1-kB+ewVx+bKeHgaK65KNDaGve2yw="
		}
	}
}
